// !$*UTF8*$!
{
	archiveVersion = 1;
	classes = {
	};
	objectVersion = 50;
	objects = {

/* Begin PBXBuildFile section */
		094E854B2433F2D700BF17EB /* ScriptureReference.swift in Sources */ = {isa = PBXBuildFile; fileRef = 094E854A2433F2D600BF17EB /* ScriptureReference.swift */; };
		094E854D24353E2C00BF17EB /* ReferenceView.swift in Sources */ = {isa = PBXBuildFile; fileRef = 094E854C24353E2C00BF17EB /* ReferenceView.swift */; };
		094E854F2437C90100BF17EB /* AudioTranscribing.swift in Sources */ = {isa = PBXBuildFile; fileRef = 094E854E2437C90100BF17EB /* AudioTranscribing.swift */; };
		094E85512437F16F00BF17EB /* PassageParsing.swift in Sources */ = {isa = PBXBuildFile; fileRef = 094E85502437F16F00BF17EB /* PassageParsing.swift */; };
		096BA51924269DF40083CD16 /* AppDelegate.swift in Sources */ = {isa = PBXBuildFile; fileRef = 096BA51824269DF40083CD16 /* AppDelegate.swift */; };
		096BA51B24269DF40083CD16 /* SceneDelegate.swift in Sources */ = {isa = PBXBuildFile; fileRef = 096BA51A24269DF40083CD16 /* SceneDelegate.swift */; };
		096BA51D24269DF40083CD16 /* ContentView.swift in Sources */ = {isa = PBXBuildFile; fileRef = 096BA51C24269DF40083CD16 /* ContentView.swift */; };
		096BA51F24269DF90083CD16 /* Assets.xcassets in Resources */ = {isa = PBXBuildFile; fileRef = 096BA51E24269DF90083CD16 /* Assets.xcassets */; };
		096BA52224269DF90083CD16 /* Preview Assets.xcassets in Resources */ = {isa = PBXBuildFile; fileRef = 096BA52124269DF90083CD16 /* Preview Assets.xcassets */; };
		096BA52524269DF90083CD16 /* LaunchScreen.storyboard in Resources */ = {isa = PBXBuildFile; fileRef = 096BA52324269DF90083CD16 /* LaunchScreen.storyboard */; };
		096BA52E2426A24D0083CD16 /* WebService.swift in Sources */ = {isa = PBXBuildFile; fileRef = 096BA52D2426A24D0083CD16 /* WebService.swift */; };
		096BA533242C45680083CD16 /* BibleParts.swift in Sources */ = {isa = PBXBuildFile; fileRef = 096BA532242C45680083CD16 /* BibleParts.swift */; };
/* End PBXBuildFile section */

/* Begin PBXFileReference section */
		094E854A2433F2D600BF17EB /* ScriptureReference.swift */ = {isa = PBXFileReference; lastKnownFileType = sourcecode.swift; path = ScriptureReference.swift; sourceTree = "<group>"; };
		094E854C24353E2C00BF17EB /* ReferenceView.swift */ = {isa = PBXFileReference; lastKnownFileType = sourcecode.swift; path = ReferenceView.swift; sourceTree = "<group>"; };
		094E854E2437C90100BF17EB /* AudioTranscribing.swift */ = {isa = PBXFileReference; lastKnownFileType = sourcecode.swift; path = AudioTranscribing.swift; sourceTree = "<group>"; };
		094E85502437F16F00BF17EB /* PassageParsing.swift */ = {isa = PBXFileReference; lastKnownFileType = sourcecode.swift; path = PassageParsing.swift; sourceTree = "<group>"; };
		096BA51524269DF40083CD16 /* Testing-Bible-Api.app */ = {isa = PBXFileReference; explicitFileType = wrapper.application; includeInIndex = 0; path = "Testing-Bible-Api.app"; sourceTree = BUILT_PRODUCTS_DIR; };
		096BA51824269DF40083CD16 /* AppDelegate.swift */ = {isa = PBXFileReference; lastKnownFileType = sourcecode.swift; path = AppDelegate.swift; sourceTree = "<group>"; };
		096BA51A24269DF40083CD16 /* SceneDelegate.swift */ = {isa = PBXFileReference; lastKnownFileType = sourcecode.swift; path = SceneDelegate.swift; sourceTree = "<group>"; };
		096BA51C24269DF40083CD16 /* ContentView.swift */ = {isa = PBXFileReference; lastKnownFileType = sourcecode.swift; path = ContentView.swift; sourceTree = "<group>"; };
		096BA51E24269DF90083CD16 /* Assets.xcassets */ = {isa = PBXFileReference; lastKnownFileType = folder.assetcatalog; path = Assets.xcassets; sourceTree = "<group>"; };
		096BA52124269DF90083CD16 /* Preview Assets.xcassets */ = {isa = PBXFileReference; lastKnownFileType = folder.assetcatalog; path = "Preview Assets.xcassets"; sourceTree = "<group>"; };
		096BA52424269DF90083CD16 /* Base */ = {isa = PBXFileReference; lastKnownFileType = file.storyboard; name = Base; path = Base.lproj/LaunchScreen.storyboard; sourceTree = "<group>"; };
		096BA52624269DF90083CD16 /* Info.plist */ = {isa = PBXFileReference; lastKnownFileType = text.plist.xml; path = Info.plist; sourceTree = "<group>"; };
		096BA52D2426A24D0083CD16 /* WebService.swift */ = {isa = PBXFileReference; lastKnownFileType = sourcecode.swift; path = WebService.swift; sourceTree = "<group>"; };
		096BA532242C45680083CD16 /* BibleParts.swift */ = {isa = PBXFileReference; lastKnownFileType = sourcecode.swift; path = BibleParts.swift; sourceTree = "<group>"; };
/* End PBXFileReference section */

/* Begin PBXFrameworksBuildPhase section */
		096BA51224269DF40083CD16 /* Frameworks */ = {
			isa = PBXFrameworksBuildPhase;
			buildActionMask = 2147483647;
			files = (
			);
			runOnlyForDeploymentPostprocessing = 0;
		};
/* End PBXFrameworksBuildPhase section */

/* Begin PBXGroup section */
		096BA50C24269DF40083CD16 = {
			isa = PBXGroup;
			children = (
				096BA51724269DF40083CD16 /* Testing-Bible-Api */,
				096BA51624269DF40083CD16 /* Products */,
			);
			sourceTree = "<group>";
		};
		096BA51624269DF40083CD16 /* Products */ = {
			isa = PBXGroup;
			children = (
				096BA51524269DF40083CD16 /* Testing-Bible-Api.app */,
			);
			name = Products;
			sourceTree = "<group>";
		};
		096BA51724269DF40083CD16 /* Testing-Bible-Api */ = {
			isa = PBXGroup;
			children = (
				096BA52F2426A2520083CD16 /* Models */,
				096BA52C2426A2240083CD16 /* Services */,
				096BA51824269DF40083CD16 /* AppDelegate.swift */,
				096BA51A24269DF40083CD16 /* SceneDelegate.swift */,
				096BA51C24269DF40083CD16 /* ContentView.swift */,
				094E85502437F16F00BF17EB /* PassageParsing.swift */,
				094E854E2437C90100BF17EB /* AudioTranscribing.swift */,
				094E854C24353E2C00BF17EB /* ReferenceView.swift */,
				096BA51E24269DF90083CD16 /* Assets.xcassets */,
				096BA52324269DF90083CD16 /* LaunchScreen.storyboard */,
				096BA52624269DF90083CD16 /* Info.plist */,
				096BA52024269DF90083CD16 /* Preview Content */,
			);
			path = "Testing-Bible-Api";
			sourceTree = "<group>";
		};
		096BA52024269DF90083CD16 /* Preview Content */ = {
			isa = PBXGroup;
			children = (
				096BA52124269DF90083CD16 /* Preview Assets.xcassets */,
			);
			path = "Preview Content";
			sourceTree = "<group>";
		};
		096BA52C2426A2240083CD16 /* Services */ = {
			isa = PBXGroup;
			children = (
				096BA52D2426A24D0083CD16 /* WebService.swift */,
			);
			path = Services;
			sourceTree = "<group>";
		};
		096BA52F2426A2520083CD16 /* Models */ = {
			isa = PBXGroup;
			children = (
				096BA532242C45680083CD16 /* BibleParts.swift */,
				094E854A2433F2D600BF17EB /* ScriptureReference.swift */,
			);
			path = Models;
			sourceTree = "<group>";
		};
/* End PBXGroup section */

/* Begin PBXNativeTarget section */
		096BA51424269DF40083CD16 /* Testing-Bible-Api */ = {
			isa = PBXNativeTarget;
			buildConfigurationList = 096BA52924269DF90083CD16 /* Build configuration list for PBXNativeTarget "Testing-Bible-Api" */;
			buildPhases = (
				096BA51124269DF40083CD16 /* Sources */,
				096BA51224269DF40083CD16 /* Frameworks */,
				096BA51324269DF40083CD16 /* Resources */,
			);
			buildRules = (
			);
			dependencies = (
			);
			name = "Testing-Bible-Api";
			productName = "Testing-Bible-Api";
			productReference = 096BA51524269DF40083CD16 /* Testing-Bible-Api.app */;
			productType = "com.apple.product-type.application";
		};
/* End PBXNativeTarget section */

/* Begin PBXProject section */
		096BA50D24269DF40083CD16 /* Project object */ = {
			isa = PBXProject;
			attributes = {
				LastSwiftUpdateCheck = 1130;
				LastUpgradeCheck = 1130;
				ORGANIZATIONNAME = "Ten Talents Trading";
				TargetAttributes = {
					096BA51424269DF40083CD16 = {
						CreatedOnToolsVersion = 11.3.1;
					};
				};
			};
			buildConfigurationList = 096BA51024269DF40083CD16 /* Build configuration list for PBXProject "Testing-Bible-Api" */;
			compatibilityVersion = "Xcode 9.3";
			developmentRegion = en;
			hasScannedForEncodings = 0;
			knownRegions = (
				en,
				Base,
			);
			mainGroup = 096BA50C24269DF40083CD16;
			productRefGroup = 096BA51624269DF40083CD16 /* Products */;
			projectDirPath = "";
			projectRoot = "";
			targets = (
				096BA51424269DF40083CD16 /* Testing-Bible-Api */,
			);
		};
/* End PBXProject section */

/* Begin PBXResourcesBuildPhase section */
		096BA51324269DF40083CD16 /* Resources */ = {
			isa = PBXResourcesBuildPhase;
			buildActionMask = 2147483647;
			files = (
				096BA52524269DF90083CD16 /* LaunchScreen.storyboard in Resources */,
				096BA52224269DF90083CD16 /* Preview Assets.xcassets in Resources */,
				096BA51F24269DF90083CD16 /* Assets.xcassets in Resources */,
			);
			runOnlyForDeploymentPostprocessing = 0;
		};
/* End PBXResourcesBuildPhase section */

/* Begin PBXSourcesBuildPhase section */
		096BA51124269DF40083CD16 /* Sources */ = {
			isa = PBXSourcesBuildPhase;
			buildActionMask = 2147483647;
			files = (
				094E85512437F16F00BF17EB /* PassageParsing.swift in Sources */,
				096BA51924269DF40083CD16 /* AppDelegate.swift in Sources */,
				094E854D24353E2C00BF17EB /* ReferenceView.swift in Sources */,
				094E854F2437C90100BF17EB /* AudioTranscribing.swift in Sources */,
				096BA51B24269DF40083CD16 /* SceneDelegate.swift in Sources */,
				096BA52E2426A24D0083CD16 /* WebService.swift in Sources */,
				094E854B2433F2D700BF17EB /* ScriptureReference.swift in Sources */,
				096BA533242C45680083CD16 /* BibleParts.swift in Sources */,
				096BA51D24269DF40083CD16 /* ContentView.swift in Sources */,
			);
			runOnlyForDeploymentPostprocessing = 0;
		};
/* End PBXSourcesBuildPhase section */

/* Begin PBXVariantGroup section */
		096BA52324269DF90083CD16 /* LaunchScreen.storyboard */ = {
			isa = PBXVariantGroup;
			children = (
				096BA52424269DF90083CD16 /* Base */,
			);
			name = LaunchScreen.storyboard;
			sourceTree = "<group>";
		};
/* End PBXVariantGroup section */

/* Begin XCBuildConfiguration section */
		096BA52724269DF90083CD16 /* Debug */ = {
			isa = XCBuildConfiguration;
			buildSettings = {
				ALWAYS_SEARCH_USER_PATHS = NO;
				CLANG_ANALYZER_NONNULL = YES;
				CLANG_ANALYZER_NUMBER_OBJECT_CONVERSION = YES_AGGRESSIVE;
				CLANG_CXX_LANGUAGE_STANDARD = "gnu++14";
				CLANG_CXX_LIBRARY = "libc++";
				CLANG_ENABLE_MODULES = YES;
				CLANG_ENABLE_OBJC_ARC = YES;
				CLANG_ENABLE_OBJC_WEAK = YES;
				CLANG_WARN_BLOCK_CAPTURE_AUTORELEASING = YES;
				CLANG_WARN_BOOL_CONVERSION = YES;
				CLANG_WARN_COMMA = YES;
				CLANG_WARN_CONSTANT_CONVERSION = YES;
				CLANG_WARN_DEPRECATED_OBJC_IMPLEMENTATIONS = YES;
				CLANG_WARN_DIRECT_OBJC_ISA_USAGE = YES_ERROR;
				CLANG_WARN_DOCUMENTATION_COMMENTS = YES;
				CLANG_WARN_EMPTY_BODY = YES;
				CLANG_WARN_ENUM_CONVERSION = YES;
				CLANG_WARN_INFINITE_RECURSION = YES;
				CLANG_WARN_INT_CONVERSION = YES;
				CLANG_WARN_NON_LITERAL_NULL_CONVERSION = YES;
				CLANG_WARN_OBJC_IMPLICIT_RETAIN_SELF = YES;
				CLANG_WARN_OBJC_LITERAL_CONVERSION = YES;
				CLANG_WARN_OBJC_ROOT_CLASS = YES_ERROR;
				CLANG_WARN_RANGE_LOOP_ANALYSIS = YES;
				CLANG_WARN_STRICT_PROTOTYPES = YES;
				CLANG_WARN_SUSPICIOUS_MOVE = YES;
				CLANG_WARN_UNGUARDED_AVAILABILITY = YES_AGGRESSIVE;
				CLANG_WARN_UNREACHABLE_CODE = YES;
				CLANG_WARN__DUPLICATE_METHOD_MATCH = YES;
				COPY_PHASE_STRIP = NO;
				DEBUG_INFORMATION_FORMAT = dwarf;
				ENABLE_STRICT_OBJC_MSGSEND = YES;
				ENABLE_TESTABILITY = YES;
				GCC_C_LANGUAGE_STANDARD = gnu11;
				GCC_DYNAMIC_NO_PIC = NO;
				GCC_NO_COMMON_BLOCKS = YES;
				GCC_OPTIMIZATION_LEVEL = 0;
				GCC_PREPROCESSOR_DEFINITIONS = (
					"DEBUG=1",
					"$(inherited)",
				);
				GCC_WARN_64_TO_32_BIT_CONVERSION = YES;
				GCC_WARN_ABOUT_RETURN_TYPE = YES_ERROR;
				GCC_WARN_UNDECLARED_SELECTOR = YES;
				GCC_WARN_UNINITIALIZED_AUTOS = YES_AGGRESSIVE;
				GCC_WARN_UNUSED_FUNCTION = YES;
				GCC_WARN_UNUSED_VARIABLE = YES;
				IPHONEOS_DEPLOYMENT_TARGET = 13.2;
				MTL_ENABLE_DEBUG_INFO = INCLUDE_SOURCE;
				MTL_FAST_MATH = YES;
				ONLY_ACTIVE_ARCH = YES;
				SDKROOT = iphoneos;
				SWIFT_ACTIVE_COMPILATION_CONDITIONS = DEBUG;
				SWIFT_OPTIMIZATION_LEVEL = "-Onone";
			};
			name = Debug;
		};
		096BA52824269DF90083CD16 /* Release */ = {
			isa = XCBuildConfiguration;
			buildSettings = {
				ALWAYS_SEARCH_USER_PATHS = NO;
				CLANG_ANALYZER_NONNULL = YES;
				CLANG_ANALYZER_NUMBER_OBJECT_CONVERSION = YES_AGGRESSIVE;
				CLANG_CXX_LANGUAGE_STANDARD = "gnu++14";
				CLANG_CXX_LIBRARY = "libc++";
				CLANG_ENABLE_MODULES = YES;
				CLANG_ENABLE_OBJC_ARC = YES;
				CLANG_ENABLE_OBJC_WEAK = YES;
				CLANG_WARN_BLOCK_CAPTURE_AUTORELEASING = YES;
				CLANG_WARN_BOOL_CONVERSION = YES;
				CLANG_WARN_COMMA = YES;
				CLANG_WARN_CONSTANT_CONVERSION = YES;
				CLANG_WARN_DEPRECATED_OBJC_IMPLEMENTATIONS = YES;
				CLANG_WARN_DIRECT_OBJC_ISA_USAGE = YES_ERROR;
				CLANG_WARN_DOCUMENTATION_COMMENTS = YES;
				CLANG_WARN_EMPTY_BODY = YES;
				CLANG_WARN_ENUM_CONVERSION = YES;
				CLANG_WARN_INFINITE_RECURSION = YES;
				CLANG_WARN_INT_CONVERSION = YES;
				CLANG_WARN_NON_LITERAL_NULL_CONVERSION = YES;
				CLANG_WARN_OBJC_IMPLICIT_RETAIN_SELF = YES;
				CLANG_WARN_OBJC_LITERAL_CONVERSION = YES;
				CLANG_WARN_OBJC_ROOT_CLASS = YES_ERROR;
				CLANG_WARN_RANGE_LOOP_ANALYSIS = YES;
				CLANG_WARN_STRICT_PROTOTYPES = YES;
				CLANG_WARN_SUSPICIOUS_MOVE = YES;
				CLANG_WARN_UNGUARDED_AVAILABILITY = YES_AGGRESSIVE;
				CLANG_WARN_UNREACHABLE_CODE = YES;
				CLANG_WARN__DUPLICATE_METHOD_MATCH = YES;
				COPY_PHASE_STRIP = NO;
				DEBUG_INFORMATION_FORMAT = "dwarf-with-dsym";
				ENABLE_NS_ASSERTIONS = NO;
				ENABLE_STRICT_OBJC_MSGSEND = YES;
				GCC_C_LANGUAGE_STANDARD = gnu11;
				GCC_NO_COMMON_BLOCKS = YES;
				GCC_WARN_64_TO_32_BIT_CONVERSION = YES;
				GCC_WARN_ABOUT_RETURN_TYPE = YES_ERROR;
				GCC_WARN_UNDECLARED_SELECTOR = YES;
				GCC_WARN_UNINITIALIZED_AUTOS = YES_AGGRESSIVE;
				GCC_WARN_UNUSED_FUNCTION = YES;
				GCC_WARN_UNUSED_VARIABLE = YES;
				IPHONEOS_DEPLOYMENT_TARGET = 13.2;
				MTL_ENABLE_DEBUG_INFO = NO;
				MTL_FAST_MATH = YES;
				SDKROOT = iphoneos;
				SWIFT_COMPILATION_MODE = wholemodule;
				SWIFT_OPTIMIZATION_LEVEL = "-O";
				VALIDATE_PRODUCT = YES;
			};
			name = Release;
		};
		096BA52A24269DF90083CD16 /* Debug */ = {
			isa = XCBuildConfiguration;
			buildSettings = {
				ASSETCATALOG_COMPILER_APPICON_NAME = AppIcon;
				CODE_SIGN_STYLE = Automatic;
				DEVELOPMENT_ASSET_PATHS = "\"Testing-Bible-Api/Preview Content\"";
				DEVELOPMENT_TEAM = RKC4P9XN3J;
				ENABLE_PREVIEWS = YES;
				INFOPLIST_FILE = "Testing-Bible-Api/Info.plist";
				LD_RUNPATH_SEARCH_PATHS = (
					"$(inherited)",
					"@executable_path/Frameworks",
				);
				PRODUCT_BUNDLE_IDENTIFIER = "com.TenTalentsTrading.Testing-Bible-Api";
				PRODUCT_NAME = "$(TARGET_NAME)";
				SWIFT_VERSION = 5.0;
				TARGETED_DEVICE_FAMILY = "1,2";
			};
			name = Debug;
		};
		096BA52B24269DF90083CD16 /* Release */ = {
			isa = XCBuildConfiguration;
			buildSettings = {
				ASSETCATALOG_COMPILER_APPICON_NAME = AppIcon;
				CODE_SIGN_STYLE = Automatic;
				DEVELOPMENT_ASSET_PATHS = "\"Testing-Bible-Api/Preview Content\"";
				DEVELOPMENT_TEAM = RKC4P9XN3J;
				ENABLE_PREVIEWS = YES;
				INFOPLIST_FILE = "Testing-Bible-Api/Info.plist";
				LD_RUNPATH_SEARCH_PATHS = (
					"$(inherited)",
					"@executable_path/Frameworks",
				);
				PRODUCT_BUNDLE_IDENTIFIER = "com.TenTalentsTrading.Testing-Bible-Api";
				PRODUCT_NAME = "$(TARGET_NAME)";
				SWIFT_VERSION = 5.0;
				TARGETED_DEVICE_FAMILY = "1,2";
			};
			name = Release;
		};
/* End XCBuildConfiguration section */

/* Begin XCConfigurationList section */
		096BA51024269DF40083CD16 /* Build configuration list for PBXProject "Testing-Bible-Api" */ = {
			isa = XCConfigurationList;
			buildConfigurations = (
				096BA52724269DF90083CD16 /* Debug */,
				096BA52824269DF90083CD16 /* Release */,
			);
			defaultConfigurationIsVisible = 0;
			defaultConfigurationName = Release;
		};
		096BA52924269DF90083CD16 /* Build configuration list for PBXNativeTarget "Testing-Bible-Api" */ = {
			isa = XCConfigurationList;
			buildConfigurations = (
				096BA52A24269DF90083CD16 /* Debug */,
				096BA52B24269DF90083CD16 /* Release */,
			);
			defaultConfigurationIsVisible = 0;
			defaultConfigurationName = Release;
		};
/* End XCConfigurationList section */
	};
	rootObject = 096BA50D24269DF40083CD16 /* Project object */;
}
